
Microsoft Visual Studio Solution File, Format Version 12.00
# Visual Studio Version 16
VisualStudioVersion = 16.0.30011.22
MinimumVisualStudioVersion = 10.0.40219.1
Project("{8BC9CEB8-8B4A-11D0-8D11-00A0C91BC942}") = "Arduino-SCS-Dashboard", "Arduino-ETS2-Dashboard.vcxproj", "{C5F80730-F44F-4478-BDAE-6634EFC2CA88}"
EndProject
Project("{8BC9CEB8-8B4A-11D0-8D11-00A0C91BC942}") = "Arduino-SCS-Dashboard", "Arduino-SCS-Dashboard\Arduino-SCS-Dashboard.vcxproj", "{C9349D6E-2876-49A9-BAE2-D6060CDD881B}"
EndProject
Global
	GlobalSection(SolutionConfigurationPlatforms) = preSolution
		Debug|x86 = Debug|x86
		Release|x86 = Release|x86
	EndGlobalSection
	GlobalSection(ProjectConfigurationPlatforms) = postSolution
		{C5F80730-F44F-4478-BDAE-6634EFC2CA88}.Debug|x86.ActiveCfg = Debug|Win32
		{C5F80730-F44F-4478-BDAE-6634EFC2CA88}.Release|x86.ActiveCfg = Release|Win32
		{C5F80730-F44F-4478-BDAE-6634EFC2CA88}.Release|x86.Build.0 = Release|Win32
		{C9349D6E-2876-49A9-BAE2-D6060CDD881B}.Debug|x86.ActiveCfg = Debug|Win32
		{C9349D6E-2876-49A9-BAE2-D6060CDD881B}.Debug|x86.Build.0 = Debug|Win32
		{C9349D6E-2876-49A9-BAE2-D6060CDD881B}.Release|x86.ActiveCfg = Release|Win32
		{C9349D6E-2876-49A9-BAE2-D6060CDD881B}.Release|x86.Build.0 = Release|Win32
	EndGlobalSection
	GlobalSection(SolutionProperties) = preSolution
		HideSolutionNode = FALSE
	EndGlobalSection
	GlobalSection(ExtensibilityGlobals) = postSolution
		SolutionGuid = {A52696C1-6A8C-402A-92F6-BE10583D6720}
	EndGlobalSection
EndGlobal
